
Microsoft Visual Studio Solution File, Format Version 12.00
# Visual Studio Version 17
VisualStudioVersion = 17.4.33110.190
MinimumVisualStudioVersion = 10.0.40219.1
Project("{2150E333-8FDC-42A3-9474-1A3956D46DE8}") = "src", "src", "{89A10FA7-1074-4FF2-BF89-F1F934EA0896}"
EndProject
Project("{2150E333-8FDC-42A3-9474-1A3956D46DE8}") = "API", "API", "{969F98E2-C427-4793-9F58-75B17AE4DF2C}"
EndProject
Project("{2150E333-8FDC-42A3-9474-1A3956D46DE8}") = "Core", "Core", "{7637DE47-1678-412B-944D-8AB863A0070B}"
EndProject
Project("{2150E333-8FDC-42A3-9474-1A3956D46DE8}") = "infrastructure", "infrastructure", "{EA492D50-A3E9-48D0-BD5B-76663C31E04A}"
EndProject
Project("{2150E333-8FDC-42A3-9474-1A3956D46DE8}") = "UI", "UI", "{7DF2C3F7-C5D8-49A2-99E1-CFC136F79A57}"
EndProject
Project("{9A19103F-16F7-4668-BE54-9A1E7A4F7556}") = "EP_Task.Domain", "EP_Task.Domain\EP_Task.Domain.csproj", "{ACF24570-DDD7-4EB7-AF34-FE7586932BC4}"
EndProject
Project("{9A19103F-16F7-4668-BE54-9A1E7A4F7556}") = "EP_Task.Application", "EP_Task.Application\EP_Task.Application.csproj", "{9DB3301E-6819-4C10-82B7-19C5875CCF59}"
EndProject
Project("{9A19103F-16F7-4668-BE54-9A1E7A4F7556}") = "EP_Task.Api", "EP_Task.Api\EP_Task.Api.csproj", "{7BB23549-929A-4154-9B64-3604DF9BF875}"
EndProject
Project("{9A19103F-16F7-4668-BE54-9A1E7A4F7556}") = "EP_Task.Infrastructure", "EP_Task.Infrastructure\EP_Task.Infrastructure.csproj", "{3DEDB8D5-06C8-4F2F-A3B1-45C11D6F9800}"
EndProject
Project("{9A19103F-16F7-4668-BE54-9A1E7A4F7556}") = "OvetimePolicies", "OvetimePolicies\OvetimePolicies.csproj", "{ACED5E53-42B5-4387-802B-A6D1A2B69639}"
EndProject
Global
	GlobalSection(SolutionConfigurationPlatforms) = preSolution
		Debug|Any CPU = Debug|Any CPU
		Release|Any CPU = Release|Any CPU
	EndGlobalSection
	GlobalSection(ProjectConfigurationPlatforms) = postSolution
		{ACF24570-DDD7-4EB7-AF34-FE7586932BC4}.Debug|Any CPU.ActiveCfg = Debug|Any CPU
		{ACF24570-DDD7-4EB7-AF34-FE7586932BC4}.Debug|Any CPU.Build.0 = Debug|Any CPU
		{ACF24570-DDD7-4EB7-AF34-FE7586932BC4}.Release|Any CPU.ActiveCfg = Release|Any CPU
		{ACF24570-DDD7-4EB7-AF34-FE7586932BC4}.Release|Any CPU.Build.0 = Release|Any CPU
		{9DB3301E-6819-4C10-82B7-19C5875CCF59}.Debug|Any CPU.ActiveCfg = Debug|Any CPU
		{9DB3301E-6819-4C10-82B7-19C5875CCF59}.Debug|Any CPU.Build.0 = Debug|Any CPU
		{9DB3301E-6819-4C10-82B7-19C5875CCF59}.Release|Any CPU.ActiveCfg = Release|Any CPU
		{9DB3301E-6819-4C10-82B7-19C5875CCF59}.Release|Any CPU.Build.0 = Release|Any CPU
		{7BB23549-929A-4154-9B64-3604DF9BF875}.Debug|Any CPU.ActiveCfg = Debug|Any CPU
		{7BB23549-929A-4154-9B64-3604DF9BF875}.Debug|Any CPU.Build.0 = Debug|Any CPU
		{7BB23549-929A-4154-9B64-3604DF9BF875}.Release|Any CPU.ActiveCfg = Release|Any CPU
		{7BB23549-929A-4154-9B64-3604DF9BF875}.Release|Any CPU.Build.0 = Release|Any CPU
		{3DEDB8D5-06C8-4F2F-A3B1-45C11D6F9800}.Debug|Any CPU.ActiveCfg = Debug|Any CPU
		{3DEDB8D5-06C8-4F2F-A3B1-45C11D6F9800}.Debug|Any CPU.Build.0 = Debug|Any CPU
		{3DEDB8D5-06C8-4F2F-A3B1-45C11D6F9800}.Release|Any CPU.ActiveCfg = Release|Any CPU
		{3DEDB8D5-06C8-4F2F-A3B1-45C11D6F9800}.Release|Any CPU.Build.0 = Release|Any CPU
		{ACED5E53-42B5-4387-802B-A6D1A2B69639}.Debug|Any CPU.ActiveCfg = Debug|Any CPU
		{ACED5E53-42B5-4387-802B-A6D1A2B69639}.Debug|Any CPU.Build.0 = Debug|Any CPU
		{ACED5E53-42B5-4387-802B-A6D1A2B69639}.Release|Any CPU.ActiveCfg = Release|Any CPU
		{ACED5E53-42B5-4387-802B-A6D1A2B69639}.Release|Any CPU.Build.0 = Release|Any CPU
	EndGlobalSection
	GlobalSection(SolutionProperties) = preSolution
		HideSolutionNode = FALSE
	EndGlobalSection
	GlobalSection(NestedProjects) = preSolution
		{969F98E2-C427-4793-9F58-75B17AE4DF2C} = {89A10FA7-1074-4FF2-BF89-F1F934EA0896}
		{7637DE47-1678-412B-944D-8AB863A0070B} = {89A10FA7-1074-4FF2-BF89-F1F934EA0896}
		{EA492D50-A3E9-48D0-BD5B-76663C31E04A} = {89A10FA7-1074-4FF2-BF89-F1F934EA0896}
		{7DF2C3F7-C5D8-49A2-99E1-CFC136F79A57} = {89A10FA7-1074-4FF2-BF89-F1F934EA0896}
		{ACF24570-DDD7-4EB7-AF34-FE7586932BC4} = {7637DE47-1678-412B-944D-8AB863A0070B}
		{9DB3301E-6819-4C10-82B7-19C5875CCF59} = {7637DE47-1678-412B-944D-8AB863A0070B}
		{7BB23549-929A-4154-9B64-3604DF9BF875} = {969F98E2-C427-4793-9F58-75B17AE4DF2C}
		{3DEDB8D5-06C8-4F2F-A3B1-45C11D6F9800} = {EA492D50-A3E9-48D0-BD5B-76663C31E04A}
		{ACED5E53-42B5-4387-802B-A6D1A2B69639} = {EA492D50-A3E9-48D0-BD5B-76663C31E04A}
	EndGlobalSection
	GlobalSection(ExtensibilityGlobals) = postSolution
		SolutionGuid = {8B1CC428-C3E9-4700-BC9E-D5E0F33DA5B3}
	EndGlobalSection
EndGlobal
